
Microsoft Visual Studio Solution File, Format Version 12.00
# Visual Studio Version 17
VisualStudioVersion = 17.8.34511.84
MinimumVisualStudioVersion = 10.0.40219.1
Project("{FAE04EC0-301F-11D3-BF4B-00C04F79EFBC}") = "SEP490-BackendAPI", "SEP490-BackendAPI\SEP490-BackendAPI.csproj", "{C200F221-F5D8-4E1A-99E5-DC19A246D6E3}"
EndProject
Project("{FAE04EC0-301F-11D3-BF4B-00C04F79EFBC}") = "ClassLibrary1", "ClassLibrary1\ClassLibrary1.csproj", "{B520AD2A-2E81-4A31-868F-BF02F14E3729}"
EndProject
Global
	GlobalSection(SolutionConfigurationPlatforms) = preSolution
		Debug|Any CPU = Debug|Any CPU
		Release|Any CPU = Release|Any CPU
	EndGlobalSection
	GlobalSection(ProjectConfigurationPlatforms) = postSolution
		{C200F221-F5D8-4E1A-99E5-DC19A246D6E3}.Debug|Any CPU.ActiveCfg = Debug|Any CPU
		{C200F221-F5D8-4E1A-99E5-DC19A246D6E3}.Debug|Any CPU.Build.0 = Debug|Any CPU
		{C200F221-F5D8-4E1A-99E5-DC19A246D6E3}.Release|Any CPU.ActiveCfg = Release|Any CPU
		{C200F221-F5D8-4E1A-99E5-DC19A246D6E3}.Release|Any CPU.Build.0 = Release|Any CPU
		{B520AD2A-2E81-4A31-868F-BF02F14E3729}.Debug|Any CPU.ActiveCfg = Debug|Any CPU
		{B520AD2A-2E81-4A31-868F-BF02F14E3729}.Debug|Any CPU.Build.0 = Debug|Any CPU
		{B520AD2A-2E81-4A31-868F-BF02F14E3729}.Release|Any CPU.ActiveCfg = Release|Any CPU
		{B520AD2A-2E81-4A31-868F-BF02F14E3729}.Release|Any CPU.Build.0 = Release|Any CPU
	EndGlobalSection
	GlobalSection(SolutionProperties) = preSolution
		HideSolutionNode = FALSE
	EndGlobalSection
	GlobalSection(ExtensibilityGlobals) = postSolution
		SolutionGuid = {1742AE47-5142-48B0-955B-BB1B419B3BA4}
	EndGlobalSection
EndGlobal
